
Microsoft Visual Studio Solution File, Format Version 12.00
# Visual Studio 2012
Project("{FAE04EC0-301F-11D3-BF4B-00C04F79EFBC}") = "TXT2DOC", "TXT2DOC\TXT2DOC.csproj", "{0F3D0B5C-1568-48AC-8D14-FB2D5F8E3EDD}"
EndProject
Global
	GlobalSection(SolutionConfigurationPlatforms) = preSolution
		Debug|Any CPU = Debug|Any CPU
		Release|Any CPU = Release|Any CPU
	EndGlobalSection
	GlobalSection(ProjectConfigurationPlatforms) = postSolution
		{0F3D0B5C-1568-48AC-8D14-FB2D5F8E3EDD}.Debug|Any CPU.ActiveCfg = Debug|Any CPU
		{0F3D0B5C-1568-48AC-8D14-FB2D5F8E3EDD}.Debug|Any CPU.Build.0 = Debug|Any CPU
		{0F3D0B5C-1568-48AC-8D14-FB2D5F8E3EDD}.Release|Any CPU.ActiveCfg = Release|Any CPU
		{0F3D0B5C-1568-48AC-8D14-FB2D5F8E3EDD}.Release|Any CPU.Build.0 = Release|Any CPU
	EndGlobalSection
	GlobalSection(SolutionProperties) = preSolution
		HideSolutionNode = FALSE
	EndGlobalSection
EndGlobal
